PODS:
  - WeChatOpenSDKSwiftYuke (1.8.9):
    - WeChatOpenSDKSwiftYuke/Core (= 1.8.9)
  - WeChatOpenSDKSwiftYuke/Core (1.8.9)

DEPENDENCIES:
  - WeChatOpenSDKSwiftYuke (from `../`)

EXTERNAL SOURCES:
  WeChatOpenSDKSwiftYuke:
    :path: "../"

SPEC CHECKSUMS:
  WeChatOpenSDKSwiftYuke: a0aac608eb41d465a0fa2cedca590d41cb6bf2eb

PODFILE CHECKSUM: e2548ca7d57c810e151a462d2123a8778bd8f6ee

COCOAPODS: 1.11.3
